
Microsoft Visual Studio Solution File, Format Version 12.00
# Visual Studio Version 16
VisualStudioVersion = 16.0.30907.101
MinimumVisualStudioVersion = 10.0.40219.1
Project("{FAE04EC0-301F-11D3-BF4B-00C04F79EFBC}") = "ConsoleApp1", "ConsoleApp1\ConsoleApp1.csproj", "{3D47B080-7080-488B-8B9B-5D3982A3F221}"
EndProject
Global
	GlobalSection(SolutionConfigurationPlatforms) = preSolution
		Debug|Any CPU = Debug|Any CPU
		Release|Any CPU = Release|Any CPU
	EndGlobalSection
	GlobalSection(ProjectConfigurationPlatforms) = postSolution
		{3D47B080-7080-488B-8B9B-5D3982A3F221}.Debug|Any CPU.ActiveCfg = Debug|Any CPU
		{3D47B080-7080-488B-8B9B-5D3982A3F221}.Debug|Any CPU.Build.0 = Debug|Any CPU
		{3D47B080-7080-488B-8B9B-5D3982A3F221}.Release|Any CPU.ActiveCfg = Release|Any CPU
		{3D47B080-7080-488B-8B9B-5D3982A3F221}.Release|Any CPU.Build.0 = Release|Any CPU
	EndGlobalSection
	GlobalSection(SolutionProperties) = preSolution
		HideSolutionNode = FALSE
	EndGlobalSection
	GlobalSection(ExtensibilityGlobals) = postSolution
		SolutionGuid = {5FF2AE15-DE1E-4082-96D4-49256593659C}
	EndGlobalSection
EndGlobal
